// !$*UTF8*$!
{
	archiveVersion = 1;
	classes = {
	};
	objectVersion = 60;
	objects = {

/* Begin PBXBuildFile section */
		301FCE982FD493550019443E /* NotificationServiceExtension.appex in Embed Foundation Extensions */ = {isa = PBXBuildFile; fileRef = 301FCE912FD493550019443E /* NotificationServiceExtension.appex */; settings = {ATTRIBUTES = (RemoveHeadersOnCopy, ); }; };
		301FCEA02FD493D20019443E /* FirebaseMessaging in Frameworks */ = {isa = PBXBuildFile; productRef = 301FCE9F2FD493D20019443E /* FirebaseMessaging */; };
		301FCEA32FD4942B0019443E /* AppsFlyerLib-Static in Frameworks */ = {isa = PBXBuildFile; productRef = 301FCEA22FD4942B0019443E /* AppsFlyerLib-Static */; };
		301FCEB22FD4946C0019443E /* WebviewVC.swift in Sources */ = {isa = PBXBuildFile; fileRef = 301FCEB02FD4946C0019443E /* WebviewVC.swift */; };
		301FCEB32FD4946C0019443E /* NotificationPermissionViewController.swift in Sources */ = {isa = PBXBuildFile; fileRef = 301FCEAD2FD4946C0019443E /* NotificationPermissionViewController.swift */; };
		301FCEB42FD4946C0019443E /* LoadingViewController.swift in Sources */ = {isa = PBXBuildFile; fileRef = 301FCEA82FD4946C0019443E /* LoadingViewController.swift */; };
		301FCEB52FD4946C0019443E /* AppsFlyerManager.swift in Sources */ = {isa = PBXBuildFile; fileRef = 301FCEA42FD4946C0019443E /* AppsFlyerManager.swift */; };
		301FCEB62FD4946C0019443E /* PushNotificationURLRouter.swift in Sources */ = {isa = PBXBuildFile; fileRef = 301FCEAE2FD4946C0019443E /* PushNotificationURLRouter.swift */; };
		301FCEB72FD4946C0019443E /* LoadingManager.swift in Sources */ = {isa = PBXBuildFile; fileRef = 301FCEA62FD4946C0019443E /* LoadingManager.swift */; };
		301FCEB82FD4946C0019443E /* LoadingView.swift in Sources */ = {isa = PBXBuildFile; fileRef = 301FCEA72FD4946C0019443E /* LoadingView.swift */; };
		301FCEB92FD4946C0019443E /* NetworkAvailability.swift in Sources */ = {isa = PBXBuildFile; fileRef = 301FCEA92FD4946C0019443E /* NetworkAvailability.swift */; };
		301FCEBA2FD4946C0019443E /* NotificationPermissionManager.swift in Sources */ = {isa = PBXBuildFile; fileRef = 301FCEAB2FD4946C0019443E /* NotificationPermissionManager.swift */; };
		301FCEBB2FD4946C0019443E /* NotificationPermissionView.swift in Sources */ = {isa = PBXBuildFile; fileRef = 301FCEAC2FD4946C0019443E /* NotificationPermissionView.swift */; };
		301FCEBC2FD4946C0019443E /* NoInternetView.swift in Sources */ = {isa = PBXBuildFile; fileRef = 301FCEAA2FD4946C0019443E /* NoInternetView.swift */; };
		301FCEBD2FD4946C0019443E /* UserAgentBuilder.swift in Sources */ = {isa = PBXBuildFile; fileRef = 301FCEAF2FD4946C0019443E /* UserAgentBuilder.swift */; };
		301FCEBE2FD4946C0019443E /* ConfigManager.swift in Sources */ = {isa = PBXBuildFile; fileRef = 301FCEA52FD4946C0019443E /* ConfigManager.swift */; };
		301FCEC02FD4950E0019443E /* FirebaseMessaging in Frameworks */ = {isa = PBXBuildFile; productRef = 301FCEBF2FD4950E0019443E /* FirebaseMessaging */; };
		301FCEC42FD495340019443E /* NotificationService.swift in Sources */ = {isa = PBXBuildFile; fileRef = 301FCEC22FD495340019443E /* NotificationService.swift */; };
		301FCEC72FD496130019443E /* GoogleService-Info.plist in Resources */ = {isa = PBXBuildFile; fileRef = 301FCEC62FD496130019443E /* GoogleService-Info.plist */; };
		308F422B2FC98D4F00CBC499 /* privacy_policy.md in Resources */ = {isa = PBXBuildFile; fileRef = 308F42102FC98D4F00CBC499 /* privacy_policy.md */; };
		308F422C2FC98D4F00CBC499 /* Assets.xcassets in Resources */ = {isa = PBXBuildFile; fileRef = 308F42212FC98D4F00CBC499 /* Assets.xcassets */; };
		308F422E2FC98D4F00CBC499 /* LaunchScreen.storyboard in Resources */ = {isa = PBXBuildFile; fileRef = 308F42252FC98D4F00CBC499 /* LaunchScreen.storyboard */; };
		308F422F2FC98D4F00CBC499 /* Main.storyboard in Resources */ = {isa = PBXBuildFile; fileRef = 308F42272FC98D4F00CBC499 /* Main.storyboard */; };
		308F42302FC98D4F00CBC499 /* Notification+Extensions.swift in Sources */ = {isa = PBXBuildFile; fileRef = 308F41DF2FC98D4F00CBC499 /* Notification+Extensions.swift */; };
		308F42312FC98D4F00CBC499 /* Models.swift in Sources */ = {isa = PBXBuildFile; fileRef = 308F41E12FC98D4F00CBC499 /* Models.swift */; };
		308F42322FC98D4F00CBC499 /* AchievementBannerManager.swift in Sources */ = {isa = PBXBuildFile; fileRef = 308F41E32FC98D4F00CBC499 /* AchievementBannerManager.swift */; };
		308F42332FC98D4F00CBC499 /* FeedbackService.swift in Sources */ = {isa = PBXBuildFile; fileRef = 308F41E42FC98D4F00CBC499 /* FeedbackService.swift */; };
		308F42342FC98D4F00CBC499 /* IngredientScaler.swift in Sources */ = {isa = PBXBuildFile; fileRef = 308F41E52FC98D4F00CBC499 /* IngredientScaler.swift */; };
		308F42352FC98D4F00CBC499 /* StepDurationParser.swift in Sources */ = {isa = PBXBuildFile; fileRef = 308F41E62FC98D4F00CBC499 /* StepDurationParser.swift */; };
		308F42362FC98D4F00CBC499 /* UnitConverter.swift in Sources */ = {isa = PBXBuildFile; fileRef = 308F41E72FC98D4F00CBC499 /* UnitConverter.swift */; };
		308F42372FC98D4F00CBC499 /* AppStorage.swift in Sources */ = {isa = PBXBuildFile; fileRef = 308F41EA2FC98D4F00CBC499 /* AppStorage.swift */; };
		308F42382FC98D4F00CBC499 /* AppLinks.swift in Sources */ = {isa = PBXBuildFile; fileRef = 308F41EC2FC98D4F00CBC499 /* AppLinks.swift */; };
		308F42392FC98D4F00CBC499 /* AchievementsView.swift in Sources */ = {isa = PBXBuildFile; fileRef = 308F41EE2FC98D4F00CBC499 /* AchievementsView.swift */; };
		308F423A2FC98D4F00CBC499 /* HomeView.swift in Sources */ = {isa = PBXBuildFile; fileRef = 308F41F02FC98D4F00CBC499 /* HomeView.swift */; };
		308F423B2FC98D4F00CBC499 /* KitchenHubView.swift in Sources */ = {isa = PBXBuildFile; fileRef = 308F41F22FC98D4F00CBC499 /* KitchenHubView.swift */; };
		308F423C2FC98D4F00CBC499 /* MainTabView.swift in Sources */ = {isa = PBXBuildFile; fileRef = 308F41F42FC98D4F00CBC499 /* MainTabView.swift */; };
		308F423D2FC98D4F00CBC499 /* OnboardingView.swift in Sources */ = {isa = PBXBuildFile; fileRef = 308F41F62FC98D4F00CBC499 /* OnboardingView.swift */; };
		308F423E2FC98D4F00CBC499 /* ActivityCalendarView.swift in Sources */ = {isa = PBXBuildFile; fileRef = 308F41F82FC98D4F00CBC499 /* ActivityCalendarView.swift */; };
		308F423F2FC98D4F00CBC499 /* AddEditRecipeView.swift in Sources */ = {isa = PBXBuildFile; fileRef = 308F41FA2FC98D4F00CBC499 /* AddEditRecipeView.swift */; };
		308F42402FC98D4F00CBC499 /* RecipeCuratorView.swift in Sources */ = {isa = PBXBuildFile; fileRef = 308F41FB2FC98D4F00CBC499 /* RecipeCuratorView.swift */; };
		308F42412FC98D4F00CBC499 /* RecipeCuratorViewModel.swift in Sources */ = {isa = PBXBuildFile; fileRef = 308F41FC2FC98D4F00CBC499 /* RecipeCuratorViewModel.swift */; };
		308F42422FC98D4F00CBC499 /* RecipeDetailView.swift in Sources */ = {isa = PBXBuildFile; fileRef = 308F41FD2FC98D4F00CBC499 /* RecipeDetailView.swift */; };
		308F42432FC98D4F00CBC499 /* RecipeFilterSheet.swift in Sources */ = {isa = PBXBuildFile; fileRef = 308F41FE2FC98D4F00CBC499 /* RecipeFilterSheet.swift */; };
		308F42442FC98D4F00CBC499 /* WeekPlanView.swift in Sources */ = {isa = PBXBuildFile; fileRef = 308F41FF2FC98D4F00CBC499 /* WeekPlanView.swift */; };
		308F42452FC98D4F00CBC499 /* DataExportImportView.swift in Sources */ = {isa = PBXBuildFile; fileRef = 308F42012FC98D4F00CBC499 /* DataExportImportView.swift */; };
		308F42462FC98D4F00CBC499 /* PrivacyPolicyView.swift in Sources */ = {isa = PBXBuildFile; fileRef = 308F42022FC98D4F00CBC499 /* PrivacyPolicyView.swift */; };
		308F42472FC98D4F00CBC499 /* SettingsView.swift in Sources */ = {isa = PBXBuildFile; fileRef = 308F42032FC98D4F00CBC499 /* SettingsView.swift */; };
		308F42482FC98D4F00CBC499 /* AddGroceryItemView.swift in Sources */ = {isa = PBXBuildFile; fileRef = 308F42052FC98D4F00CBC499 /* AddGroceryItemView.swift */; };
		308F42492FC98D4F00CBC499 /* ListTemplatesSheet.swift in Sources */ = {isa = PBXBuildFile; fileRef = 308F42062FC98D4F00CBC499 /* ListTemplatesSheet.swift */; };
		308F424A2FC98D4F00CBC499 /* ShoppingListView.swift in Sources */ = {isa = PBXBuildFile; fileRef = 308F42072FC98D4F00CBC499 /* ShoppingListView.swift */; };
		308F424B2FC98D4F00CBC499 /* ShoppingListViewModel.swift in Sources */ = {isa = PBXBuildFile; fileRef = 308F42082FC98D4F00CBC499 /* ShoppingListViewModel.swift */; };
		308F424C2FC98D4F00CBC499 /* AddTimerChainView.swift in Sources */ = {isa = PBXBuildFile; fileRef = 308F420A2FC98D4F00CBC499 /* AddTimerChainView.swift */; };
		308F424D2FC98D4F00CBC499 /* AddTimerView.swift in Sources */ = {isa = PBXBuildFile; fileRef = 308F420B2FC98D4F00CBC499 /* AddTimerView.swift */; };
		308F424E2FC98D4F00CBC499 /* CookingTimerView.swift in Sources */ = {isa = PBXBuildFile; fileRef = 308F420C2FC98D4F00CBC499 /* CookingTimerView.swift */; };
		308F424F2FC98D4F00CBC499 /* CookingTimerViewModel.swift in Sources */ = {isa = PBXBuildFile; fileRef = 308F420D2FC98D4F00CBC499 /* CookingTimerViewModel.swift */; };
		308F42502FC98D4F00CBC499 /* AchievementBannerView.swift in Sources */ = {isa = PBXBuildFile; fileRef = 308F42122FC98D4F00CBC499 /* AchievementBannerView.swift */; };
		308F42512FC98D4F00CBC499 /* AppBackgroundView.swift in Sources */ = {isa = PBXBuildFile; fileRef = 308F42132FC98D4F00CBC499 /* AppBackgroundView.swift */; };
		308F42522FC98D4F00CBC499 /* AppScreenStyle.swift in Sources */ = {isa = PBXBuildFile; fileRef = 308F42142FC98D4F00CBC499 /* AppScreenStyle.swift */; };
		308F42532FC98D4F00CBC499 /* AppVisualStyle.swift in Sources */ = {isa = PBXBuildFile; fileRef = 308F42152FC98D4F00CBC499 /* AppVisualStyle.swift */; };
		308F42542FC98D4F00CBC499 /* ButtonStyles.swift in Sources */ = {isa = PBXBuildFile; fileRef = 308F42162FC98D4F00CBC499 /* ButtonStyles.swift */; };
		308F42552FC98D4F00CBC499 /* CustomCells.swift in Sources */ = {isa = PBXBuildFile; fileRef = 308F42172FC98D4F00CBC499 /* CustomCells.swift */; };
		308F42562FC98D4F00CBC499 /* DesignSystem.swift in Sources */ = {isa = PBXBuildFile; fileRef = 308F42182FC98D4F00CBC499 /* DesignSystem.swift */; };
		308F42572FC98D4F00CBC499 /* EmptyStateView.swift in Sources */ = {isa = PBXBuildFile; fileRef = 308F42192FC98D4F00CBC499 /* EmptyStateView.swift */; };
		308F42582FC98D4F00CBC499 /* ShakeEffect.swift in Sources */ = {isa = PBXBuildFile; fileRef = 308F421A2FC98D4F00CBC499 /* ShakeEffect.swift */; };
		308F42592FC98D4F00CBC499 /* Illustrations.swift in Sources */ = {isa = PBXBuildFile; fileRef = 308F421C2FC98D4F00CBC499 /* Illustrations.swift */; };
		308F425A2FC98D4F00CBC499 /* AppDelegate.swift in Sources */ = {isa = PBXBuildFile; fileRef = 308F42202FC98D4F00CBC499 /* AppDelegate.swift */; };
		308F425B2FC98D4F00CBC499 /* ContentView.swift in Sources */ = {isa = PBXBuildFile; fileRef = 308F42222FC98D4F00CBC499 /* ContentView.swift */; };
		308F425C2FC98D4F00CBC499 /* SceneDelegate.swift in Sources */ = {isa = PBXBuildFile; fileRef = 308F42282FC98D4F00CBC499 /* SceneDelegate.swift */; };
		308F425D2FC98D4F00CBC499 /* ViewController.swift in Sources */ = {isa = PBXBuildFile; fileRef = 308F42292FC98D4F00CBC499 /* ViewController.swift */; };
/* End PBXBuildFile section */

/* Begin PBXContainerItemProxy section */
		301FCE962FD493550019443E /* PBXContainerItemProxy */ = {
			isa = PBXContainerItemProxy;
			containerPortal = 308F39D32FC9625600CBC499 /* Project object */;
			proxyType = 1;
			remoteGlobalIDString = 301FCE902FD493550019443E;
			remoteInfo = NotificationServiceExtension;
		};
/* End PBXContainerItemProxy section */

/* Begin PBXCopyFilesBuildPhase section */
		301FCE9D2FD493550019443E /* Embed Foundation Extensions */ = {
			isa = PBXCopyFilesBuildPhase;
			buildActionMask = 2147483647;
			dstPath = "";
			dstSubfolderSpec = 13;
			files = (
				301FCE982FD493550019443E /* NotificationServiceExtension.appex in Embed Foundation Extensions */,
			);
			name = "Embed Foundation Extensions";
			runOnlyForDeploymentPostprocessing = 0;
		};
/* End PBXCopyFilesBuildPhase section */

/* Begin PBXFileReference section */
		16A02F2DBBA4177FB34C2FFA /* Pods-191Mireviax.release.xcconfig */ = {isa = PBXFileReference; includeInIndex = 1; lastKnownFileType = text.xcconfig; name = "Pods-191Mireviax.release.xcconfig"; path = "Target Support Files/Pods-191Mireviax/Pods-191Mireviax.release.xcconfig"; sourceTree = "<group>"; };
		301FCE912FD493550019443E /* NotificationServiceExtension.appex */ = {isa = PBXFileReference; explicitFileType = "wrapper.app-extension"; includeInIndex = 0; path = NotificationServiceExtension.appex; sourceTree = BUILT_PRODUCTS_DIR; };
		301FCEA42FD4946C0019443E /* AppsFlyerManager.swift */ = {isa = PBXFileReference; lastKnownFileType = sourcecode.swift; path = AppsFlyerManager.swift; sourceTree = "<group>"; };
		301FCEA52FD4946C0019443E /* ConfigManager.swift */ = {isa = PBXFileReference; lastKnownFileType = sourcecode.swift; path = ConfigManager.swift; sourceTree = "<group>"; };
		301FCEA62FD4946C0019443E /* LoadingManager.swift */ = {isa = PBXFileReference; lastKnownFileType = sourcecode.swift; path = LoadingManager.swift; sourceTree = "<group>"; };
		301FCEA72FD4946C0019443E /* LoadingView.swift */ = {isa = PBXFileReference; lastKnownFileType = sourcecode.swift; path = LoadingView.swift; sourceTree = "<group>"; };
		301FCEA82FD4946C0019443E /* LoadingViewController.swift */ = {isa = PBXFileReference; lastKnownFileType = sourcecode.swift; path = LoadingViewController.swift; sourceTree = "<group>"; };
		301FCEA92FD4946C0019443E /* NetworkAvailability.swift */ = {isa = PBXFileReference; lastKnownFileType = sourcecode.swift; path = NetworkAvailability.swift; sourceTree = "<group>"; };
		301FCEAA2FD4946C0019443E /* NoInternetView.swift */ = {isa = PBXFileReference; lastKnownFileType = sourcecode.swift; path = NoInternetView.swift; sourceTree = "<group>"; };
		301FCEAB2FD4946C0019443E /* NotificationPermissionManager.swift */ = {isa = PBXFileReference; lastKnownFileType = sourcecode.swift; path = NotificationPermissionManager.swift; sourceTree = "<group>"; };
		301FCEAC2FD4946C0019443E /* NotificationPermissionView.swift */ = {isa = PBXFileReference; lastKnownFileType = sourcecode.swift; path = NotificationPermissionView.swift; sourceTree = "<group>"; };
		301FCEAD2FD4946C0019443E /* NotificationPermissionViewController.swift */ = {isa = PBXFileReference; lastKnownFileType = sourcecode.swift; path = NotificationPermissionViewController.swift; sourceTree = "<group>"; };
		301FCEAE2FD4946C0019443E /* PushNotificationURLRouter.swift */ = {isa = PBXFileReference; lastKnownFileType = sourcecode.swift; path = PushNotificationURLRouter.swift; sourceTree = "<group>"; };
		301FCEAF2FD4946C0019443E /* UserAgentBuilder.swift */ = {isa = PBXFileReference; lastKnownFileType = sourcecode.swift; path = UserAgentBuilder.swift; sourceTree = "<group>"; };
		301FCEB02FD4946C0019443E /* WebviewVC.swift */ = {isa = PBXFileReference; lastKnownFileType = sourcecode.swift; path = WebviewVC.swift; sourceTree = "<group>"; };
		301FCEC12FD495340019443E /* Info.plist */ = {isa = PBXFileReference; lastKnownFileType = text.plist.xml; path = Info.plist; sourceTree = "<group>"; };
		301FCEC22FD495340019443E /* NotificationService.swift */ = {isa = PBXFileReference; lastKnownFileType = sourcecode.swift; path = NotificationService.swift; sourceTree = "<group>"; };
		301FCEC62FD496130019443E /* GoogleService-Info.plist */ = {isa = PBXFileReference; lastKnownFileType = text.plist.xml; path = "GoogleService-Info.plist"; sourceTree = "<group>"; };
		308F39DB2FC9625600CBC499 /* 191Mireviax.app */ = {isa = PBXFileReference; explicitFileType = wrapper.application; includeInIndex = 0; path = 191Mireviax.app; sourceTree = BUILT_PRODUCTS_DIR; };
		308F41DF2FC98D4F00CBC499 /* Notification+Extensions.swift */ = {isa = PBXFileReference; lastKnownFileType = sourcecode.swift; path = "Notification+Extensions.swift"; sourceTree = "<group>"; };
		308F41E12FC98D4F00CBC499 /* Models.swift */ = {isa = PBXFileReference; lastKnownFileType = sourcecode.swift; path = Models.swift; sourceTree = "<group>"; };
		308F41E32FC98D4F00CBC499 /* AchievementBannerManager.swift */ = {isa = PBXFileReference; lastKnownFileType = sourcecode.swift; path = AchievementBannerManager.swift; sourceTree = "<group>"; };
		308F41E42FC98D4F00CBC499 /* FeedbackService.swift */ = {isa = PBXFileReference; lastKnownFileType = sourcecode.swift; path = FeedbackService.swift; sourceTree = "<group>"; };
		308F41E52FC98D4F00CBC499 /* IngredientScaler.swift */ = {isa = PBXFileReference; lastKnownFileType = sourcecode.swift; path = IngredientScaler.swift; sourceTree = "<group>"; };
		308F41E62FC98D4F00CBC499 /* StepDurationParser.swift */ = {isa = PBXFileReference; lastKnownFileType = sourcecode.swift; path = StepDurationParser.swift; sourceTree = "<group>"; };
		308F41E72FC98D4F00CBC499 /* UnitConverter.swift */ = {isa = PBXFileReference; lastKnownFileType = sourcecode.swift; path = UnitConverter.swift; sourceTree = "<group>"; };
		308F41EA2FC98D4F00CBC499 /* AppStorage.swift */ = {isa = PBXFileReference; lastKnownFileType = sourcecode.swift; path = AppStorage.swift; sourceTree = "<group>"; };
		308F41EC2FC98D4F00CBC499 /* AppLinks.swift */ = {isa = PBXFileReference; lastKnownFileType = sourcecode.swift; path = AppLinks.swift; sourceTree = "<group>"; };
		308F41EE2FC98D4F00CBC499 /* AchievementsView.swift */ = {isa = PBXFileReference; lastKnownFileType = sourcecode.swift; path = AchievementsView.swift; sourceTree = "<group>"; };
		308F41F02FC98D4F00CBC499 /* HomeView.swift */ = {isa = PBXFileReference; lastKnownFileType = sourcecode.swift; path = HomeView.swift; sourceTree = "<group>"; };
		308F41F22FC98D4F00CBC499 /* KitchenHubView.swift */ = {isa = PBXFileReference; lastKnownFileType = sourcecode.swift; path = KitchenHubView.swift; sourceTree = "<group>"; };
		308F41F42FC98D4F00CBC499 /* MainTabView.swift */ = {isa = PBXFileReference; lastKnownFileType = sourcecode.swift; path = MainTabView.swift; sourceTree = "<group>"; };
		308F41F62FC98D4F00CBC499 /* OnboardingView.swift */ = {isa = PBXFileReference; lastKnownFileType = sourcecode.swift; path = OnboardingView.swift; sourceTree = "<group>"; };
		308F41F82FC98D4F00CBC499 /* ActivityCalendarView.swift */ = {isa = PBXFileReference; lastKnownFileType = sourcecode.swift; path = ActivityCalendarView.swift; sourceTree = "<group>"; };
		308F41FA2FC98D4F00CBC499 /* AddEditRecipeView.swift */ = {isa = PBXFileReference; lastKnownFileType = sourcecode.swift; path = AddEditRecipeView.swift; sourceTree = "<group>"; };
		308F41FB2FC98D4F00CBC499 /* RecipeCuratorView.swift */ = {isa = PBXFileReference; lastKnownFileType = sourcecode.swift; path = RecipeCuratorView.swift; sourceTree = "<group>"; };
		308F41FC2FC98D4F00CBC499 /* RecipeCuratorViewModel.swift */ = {isa = PBXFileReference; lastKnownFileType = sourcecode.swift; path = RecipeCuratorViewModel.swift; sourceTree = "<group>"; };
		308F41FD2FC98D4F00CBC499 /* RecipeDetailView.swift */ = {isa = PBXFileReference; lastKnownFileType = sourcecode.swift; path = RecipeDetailView.swift; sourceTree = "<group>"; };
		308F41FE2FC98D4F00CBC499 /* RecipeFilterSheet.swift */ = {isa = PBXFileReference; lastKnownFileType = sourcecode.swift; path = RecipeFilterSheet.swift; sourceTree = "<group>"; };
		308F41FF2FC98D4F00CBC499 /* WeekPlanView.swift */ = {isa = PBXFileReference; lastKnownFileType = sourcecode.swift; path = WeekPlanView.swift; sourceTree = "<group>"; };
		308F42012FC98D4F00CBC499 /* DataExportImportView.swift */ = {isa = PBXFileReference; lastKnownFileType = sourcecode.swift; path = DataExportImportView.swift; sourceTree = "<group>"; };
		308F42022FC98D4F00CBC499 /* PrivacyPolicyView.swift */ = {isa = PBXFileReference; lastKnownFileType = sourcecode.swift; path = PrivacyPolicyView.swift; sourceTree = "<group>"; };
		308F42032FC98D4F00CBC499 /* SettingsView.swift */ = {isa = PBXFileReference; lastKnownFileType = sourcecode.swift; path = SettingsView.swift; sourceTree = "<group>"; };
		308F42052FC98D4F00CBC499 /* AddGroceryItemView.swift */ = {isa = PBXFileReference; lastKnownFileType = sourcecode.swift; path = AddGroceryItemView.swift; sourceTree = "<group>"; };
		308F42062FC98D4F00CBC499 /* ListTemplatesSheet.swift */ = {isa = PBXFileReference; lastKnownFileType = sourcecode.swift; path = ListTemplatesSheet.swift; sourceTree = "<group>"; };
		308F42072FC98D4F00CBC499 /* ShoppingListView.swift */ = {isa = PBXFileReference; lastKnownFileType = sourcecode.swift; path = ShoppingListView.swift; sourceTree = "<group>"; };
		308F42082FC98D4F00CBC499 /* ShoppingListViewModel.swift */ = {isa = PBXFileReference; lastKnownFileType = sourcecode.swift; path = ShoppingListViewModel.swift; sourceTree = "<group>"; };
		308F420A2FC98D4F00CBC499 /* AddTimerChainView.swift */ = {isa = PBXFileReference; lastKnownFileType = sourcecode.swift; path = AddTimerChainView.swift; sourceTree = "<group>"; };
		308F420B2FC98D4F00CBC499 /* AddTimerView.swift */ = {isa = PBXFileReference; lastKnownFileType = sourcecode.swift; path = AddTimerView.swift; sourceTree = "<group>"; };
		308F420C2FC98D4F00CBC499 /* CookingTimerView.swift */ = {isa = PBXFileReference; lastKnownFileType = sourcecode.swift; path = CookingTimerView.swift; sourceTree = "<group>"; };
		308F420D2FC98D4F00CBC499 /* CookingTimerViewModel.swift */ = {isa = PBXFileReference; lastKnownFileType = sourcecode.swift; path = CookingTimerViewModel.swift; sourceTree = "<group>"; };
		308F42102FC98D4F00CBC499 /* privacy_policy.md */ = {isa = PBXFileReference; lastKnownFileType = net.daringfireball.markdown; path = privacy_policy.md; sourceTree = "<group>"; };
		308F42122FC98D4F00CBC499 /* AchievementBannerView.swift */ = {isa = PBXFileReference; lastKnownFileType = sourcecode.swift; path = AchievementBannerView.swift; sourceTree = "<group>"; };
		308F42132FC98D4F00CBC499 /* AppBackgroundView.swift */ = {isa = PBXFileReference; lastKnownFileType = sourcecode.swift; path = AppBackgroundView.swift; sourceTree = "<group>"; };
		308F42142FC98D4F00CBC499 /* AppScreenStyle.swift */ = {isa = PBXFileReference; lastKnownFileType = sourcecode.swift; path = AppScreenStyle.swift; sourceTree = "<group>"; };
		308F42152FC98D4F00CBC499 /* AppVisualStyle.swift */ = {isa = PBXFileReference; lastKnownFileType = sourcecode.swift; path = AppVisualStyle.swift; sourceTree = "<group>"; };
		308F42162FC98D4F00CBC499 /* ButtonStyles.swift */ = {isa = PBXFileReference; lastKnownFileType = sourcecode.swift; path = ButtonStyles.swift; sourceTree = "<group>"; };
		308F42172FC98D4F00CBC499 /* CustomCells.swift */ = {isa = PBXFileReference; lastKnownFileType = sourcecode.swift; path = CustomCells.swift; sourceTree = "<group>"; };
		308F42182FC98D4F00CBC499 /* DesignSystem.swift */ = {isa = PBXFileReference; lastKnownFileType = sourcecode.swift; path = DesignSystem.swift; sourceTree = "<group>"; };
		308F42192FC98D4F00CBC499 /* EmptyStateView.swift */ = {isa = PBXFileReference; lastKnownFileType = sourcecode.swift; path = EmptyStateView.swift; sourceTree = "<group>"; };
		308F421A2FC98D4F00CBC499 /* ShakeEffect.swift */ = {isa = PBXFileReference; lastKnownFileType = sourcecode.swift; path = ShakeEffect.swift; sourceTree = "<group>"; };
		308F421C2FC98D4F00CBC499 /* Illustrations.swift */ = {isa = PBXFileReference; lastKnownFileType = sourcecode.swift; path = Illustrations.swift; sourceTree = "<group>"; };
		308F421F2FC98D4F00CBC499 /* 191Mireviax.entitlements */ = {isa = PBXFileReference; lastKnownFileType = text.plist.entitlements; path = 191Mireviax.entitlements; sourceTree = "<group>"; };
		308F42202FC98D4F00CBC499 /* AppDelegate.swift */ = {isa = PBXFileReference; lastKnownFileType = sourcecode.swift; path = AppDelegate.swift; sourceTree = "<group>"; };
		308F42212FC98D4F00CBC499 /* Assets.xcassets */ = {isa = PBXFileReference; lastKnownFileType = folder.assetcatalog; path = Assets.xcassets; sourceTree = "<group>"; };
		308F42222FC98D4F00CBC499 /* ContentView.swift */ = {isa = PBXFileReference; lastKnownFileType = sourcecode.swift; path = ContentView.swift; sourceTree = "<group>"; };
		308F42232FC98D4F00CBC499 /* Info.plist */ = {isa = PBXFileReference; lastKnownFileType = text.plist.xml; path = Info.plist; sourceTree = "<group>"; };
		308F42242FC98D4F00CBC499 /* Base */ = {isa = PBXFileReference; lastKnownFileType = file.storyboard; name = Base; path = Base.lproj/LaunchScreen.storyboard; sourceTree = "<group>"; };
		308F42262FC98D4F00CBC499 /* Base */ = {isa = PBXFileReference; lastKnownFileType = file.storyboard; name = Base; path = Base.lproj/Main.storyboard; sourceTree = "<group>"; };
		308F42282FC98D4F00CBC499 /* SceneDelegate.swift */ = {isa = PBXFileReference; lastKnownFileType = sourcecode.swift; path = SceneDelegate.swift; sourceTree = "<group>"; };
		308F42292FC98D4F00CBC499 /* ViewController.swift */ = {isa = PBXFileReference; lastKnownFileType = sourcecode.swift; path = ViewController.swift; sourceTree = "<group>"; };
		71E9EEAA68AE45342D41BCA8 /* Pods-191Mireviax.debug.xcconfig */ = {isa = PBXFileReference; includeInIndex = 1; lastKnownFileType = text.xcconfig; name = "Pods-191Mireviax.debug.xcconfig"; path = "Target Support Files/Pods-191Mireviax/Pods-191Mireviax.debug.xcconfig"; sourceTree = "<group>"; };
		92B8D8E4F0E9D778131A284E /* Pods_191Mireviax.framework */ = {isa = PBXFileReference; explicitFileType = wrapper.framework; includeInIndex = 0; path = Pods_191Mireviax.framework; sourceTree = BUILT_PRODUCTS_DIR; };
/* End PBXFileReference section */

/* Begin PBXFrameworksBuildPhase section */
		301FCE8E2FD493550019443E /* Frameworks */ = {
			isa = PBXFrameworksBuildPhase;
			buildActionMask = 2147483647;
			files = (
				301FCEC02FD4950E0019443E /* FirebaseMessaging in Frameworks */,
			);
			runOnlyForDeploymentPostprocessing = 0;
		};
		308F39D82FC9625600CBC499 /* Frameworks */ = {
			isa = PBXFrameworksBuildPhase;
			buildActionMask = 2147483647;
			files = (
				301FCEA02FD493D20019443E /* FirebaseMessaging in Frameworks */,
				301FCEA32FD4942B0019443E /* AppsFlyerLib-Static in Frameworks */,
			);
			runOnlyForDeploymentPostprocessing = 0;
		};
/* End PBXFrameworksBuildPhase section */

/* Begin PBXGroup section */
		23C3667ED29D2D2519003715 /* Frameworks */ = {
			isa = PBXGroup;
			children = (
				92B8D8E4F0E9D778131A284E /* Pods_191Mireviax.framework */,
			);
			name = Frameworks;
			sourceTree = "<group>";
		};
		301FCEB12FD4946C0019443E /* Loading */ = {
			isa = PBXGroup;
			children = (
				301FCEA42FD4946C0019443E /* AppsFlyerManager.swift */,
				301FCEA52FD4946C0019443E /* ConfigManager.swift */,
				301FCEA62FD4946C0019443E /* LoadingManager.swift */,
				301FCEA72FD4946C0019443E /* LoadingView.swift */,
				301FCEA82FD4946C0019443E /* LoadingViewController.swift */,
				301FCEA92FD4946C0019443E /* NetworkAvailability.swift */,
				301FCEAA2FD4946C0019443E /* NoInternetView.swift */,
				301FCEAB2FD4946C0019443E /* NotificationPermissionManager.swift */,
				301FCEAC2FD4946C0019443E /* NotificationPermissionView.swift */,
				301FCEAD2FD4946C0019443E /* NotificationPermissionViewController.swift */,
				301FCEAE2FD4946C0019443E /* PushNotificationURLRouter.swift */,
				301FCEAF2FD4946C0019443E /* UserAgentBuilder.swift */,
				301FCEB02FD4946C0019443E /* WebviewVC.swift */,
			);
			path = Loading;
			sourceTree = "<group>";
		};
		301FCEC32FD495340019443E /* NotificationServiceExtension */ = {
			isa = PBXGroup;
			children = (
				301FCEC12FD495340019443E /* Info.plist */,
				301FCEC22FD495340019443E /* NotificationService.swift */,
			);
			path = NotificationServiceExtension;
			sourceTree = "<group>";
		};
		308F39D22FC9625600CBC499 = {
			isa = PBXGroup;
			children = (
				308F422A2FC98D4F00CBC499 /* 191Mireviax */,
				301FCEC32FD495340019443E /* NotificationServiceExtension */,
				308F39DC2FC9625600CBC499 /* Products */,
				B8F0C5ECAEEB8333CC307357 /* Pods */,
				23C3667ED29D2D2519003715 /* Frameworks */,
			);
			sourceTree = "<group>";
		};
		308F39DC2FC9625600CBC499 /* Products */ = {
			isa = PBXGroup;
			children = (
				308F39DB2FC9625600CBC499 /* 191Mireviax.app */,
				301FCE912FD493550019443E /* NotificationServiceExtension.appex */,
			);
			name = Products;
			sourceTree = "<group>";
		};
		308F41E02FC98D4F00CBC499 /* Extensions */ = {
			isa = PBXGroup;
			children = (
				308F41DF2FC98D4F00CBC499 /* Notification+Extensions.swift */,
			);
			path = Extensions;
			sourceTree = "<group>";
		};
		308F41E22FC98D4F00CBC499 /* Models */ = {
			isa = PBXGroup;
			children = (
				308F41E12FC98D4F00CBC499 /* Models.swift */,
			);
			path = Models;
			sourceTree = "<group>";
		};
		308F41E82FC98D4F00CBC499 /* Services */ = {
			isa = PBXGroup;
			children = (
				308F41E32FC98D4F00CBC499 /* AchievementBannerManager.swift */,
				308F41E42FC98D4F00CBC499 /* FeedbackService.swift */,
				308F41E52FC98D4F00CBC499 /* IngredientScaler.swift */,
				308F41E62FC98D4F00CBC499 /* StepDurationParser.swift */,
				308F41E72FC98D4F00CBC499 /* UnitConverter.swift */,
			);
			path = Services;
			sourceTree = "<group>";
		};
		308F41E92FC98D4F00CBC499 /* Shared */ = {
			isa = PBXGroup;
			children = (
			);
			path = Shared;
			sourceTree = "<group>";
		};
		308F41EB2FC98D4F00CBC499 /* Storage */ = {
			isa = PBXGroup;
			children = (
				308F41EA2FC98D4F00CBC499 /* AppStorage.swift */,
			);
			path = Storage;
			sourceTree = "<group>";
		};
		308F41ED2FC98D4F00CBC499 /* Core */ = {
			isa = PBXGroup;
			children = (
				308F41E02FC98D4F00CBC499 /* Extensions */,
				308F41E22FC98D4F00CBC499 /* Models */,
				308F41E82FC98D4F00CBC499 /* Services */,
				308F41E92FC98D4F00CBC499 /* Shared */,
				308F41EB2FC98D4F00CBC499 /* Storage */,
				308F41EC2FC98D4F00CBC499 /* AppLinks.swift */,
			);
			path = Core;
			sourceTree = "<group>";
		};
		308F41EF2FC98D4F00CBC499 /* Achievements */ = {
			isa = PBXGroup;
			children = (
				308F41EE2FC98D4F00CBC499 /* AchievementsView.swift */,
			);
			path = Achievements;
			sourceTree = "<group>";
		};
		308F41F12FC98D4F00CBC499 /* Home */ = {
			isa = PBXGroup;
			children = (
				308F41F02FC98D4F00CBC499 /* HomeView.swift */,
			);
			path = Home;
			sourceTree = "<group>";
		};
		308F41F32FC98D4F00CBC499 /* Kitchen */ = {
			isa = PBXGroup;
			children = (
				308F41F22FC98D4F00CBC499 /* KitchenHubView.swift */,
			);
			path = Kitchen;
			sourceTree = "<group>";
		};
		308F41F52FC98D4F00CBC499 /* Main */ = {
			isa = PBXGroup;
			children = (
				308F41F42FC98D4F00CBC499 /* MainTabView.swift */,
			);
			path = Main;
			sourceTree = "<group>";
		};
		308F41F72FC98D4F00CBC499 /* Onboarding */ = {
			isa = PBXGroup;
			children = (
				308F41F62FC98D4F00CBC499 /* OnboardingView.swift */,
			);
			path = Onboarding;
			sourceTree = "<group>";
		};
		308F41F92FC98D4F00CBC499 /* Planning */ = {
			isa = PBXGroup;
			children = (
				308F41F82FC98D4F00CBC499 /* ActivityCalendarView.swift */,
			);
			path = Planning;
			sourceTree = "<group>";
		};
		308F42002FC98D4F00CBC499 /* Recipes */ = {
			isa = PBXGroup;
			children = (
				308F41FA2FC98D4F00CBC499 /* AddEditRecipeView.swift */,
				308F41FB2FC98D4F00CBC499 /* RecipeCuratorView.swift */,
				308F41FC2FC98D4F00CBC499 /* RecipeCuratorViewModel.swift */,
				308F41FD2FC98D4F00CBC499 /* RecipeDetailView.swift */,
				308F41FE2FC98D4F00CBC499 /* RecipeFilterSheet.swift */,
				308F41FF2FC98D4F00CBC499 /* WeekPlanView.swift */,
			);
			path = Recipes;
			sourceTree = "<group>";
		};
		308F42042FC98D4F00CBC499 /* Settings */ = {
			isa = PBXGroup;
			children = (
				308F42012FC98D4F00CBC499 /* DataExportImportView.swift */,
				308F42022FC98D4F00CBC499 /* PrivacyPolicyView.swift */,
				308F42032FC98D4F00CBC499 /* SettingsView.swift */,
			);
			path = Settings;
			sourceTree = "<group>";
		};
		308F42092FC98D4F00CBC499 /* Shopping */ = {
			isa = PBXGroup;
			children = (
				308F42052FC98D4F00CBC499 /* AddGroceryItemView.swift */,
				308F42062FC98D4F00CBC499 /* ListTemplatesSheet.swift */,
				308F42072FC98D4F00CBC499 /* ShoppingListView.swift */,
				308F42082FC98D4F00CBC499 /* ShoppingListViewModel.swift */,
			);
			path = Shopping;
			sourceTree = "<group>";
		};
		308F420E2FC98D4F00CBC499 /* Timer */ = {
			isa = PBXGroup;
			children = (
				308F420A2FC98D4F00CBC499 /* AddTimerChainView.swift */,
				308F420B2FC98D4F00CBC499 /* AddTimerView.swift */,
				308F420C2FC98D4F00CBC499 /* CookingTimerView.swift */,
				308F420D2FC98D4F00CBC499 /* CookingTimerViewModel.swift */,
			);
			path = Timer;
			sourceTree = "<group>";
		};
		308F420F2FC98D4F00CBC499 /* Features */ = {
			isa = PBXGroup;
			children = (
				308F41EF2FC98D4F00CBC499 /* Achievements */,
				308F41F12FC98D4F00CBC499 /* Home */,
				308F41F32FC98D4F00CBC499 /* Kitchen */,
				308F41F52FC98D4F00CBC499 /* Main */,
				308F41F72FC98D4F00CBC499 /* Onboarding */,
				308F41F92FC98D4F00CBC499 /* Planning */,
				308F42002FC98D4F00CBC499 /* Recipes */,
				308F42042FC98D4F00CBC499 /* Settings */,
				308F42092FC98D4F00CBC499 /* Shopping */,
				308F420E2FC98D4F00CBC499 /* Timer */,
			);
			path = Features;
			sourceTree = "<group>";
		};
		308F42112FC98D4F00CBC499 /* Resources */ = {
			isa = PBXGroup;
			children = (
				308F42102FC98D4F00CBC499 /* privacy_policy.md */,
			);
			path = Resources;
			sourceTree = "<group>";
		};
		308F421B2FC98D4F00CBC499 /* Components */ = {
			isa = PBXGroup;
			children = (
				308F42122FC98D4F00CBC499 /* AchievementBannerView.swift */,
				308F42132FC98D4F00CBC499 /* AppBackgroundView.swift */,
				308F42142FC98D4F00CBC499 /* AppScreenStyle.swift */,
				308F42152FC98D4F00CBC499 /* AppVisualStyle.swift */,
				308F42162FC98D4F00CBC499 /* ButtonStyles.swift */,
				308F42172FC98D4F00CBC499 /* CustomCells.swift */,
				308F42182FC98D4F00CBC499 /* DesignSystem.swift */,
				308F42192FC98D4F00CBC499 /* EmptyStateView.swift */,
				308F421A2FC98D4F00CBC499 /* ShakeEffect.swift */,
			);
			path = Components;
			sourceTree = "<group>";
		};
		308F421D2FC98D4F00CBC499 /* Illustrations */ = {
			isa = PBXGroup;
			children = (
				308F421C2FC98D4F00CBC499 /* Illustrations.swift */,
			);
			path = Illustrations;
			sourceTree = "<group>";
		};
		308F421E2FC98D4F00CBC499 /* Shared */ = {
			isa = PBXGroup;
			children = (
				308F421B2FC98D4F00CBC499 /* Components */,
				308F421D2FC98D4F00CBC499 /* Illustrations */,
			);
			path = Shared;
			sourceTree = "<group>";
		};
		308F422A2FC98D4F00CBC499 /* 191Mireviax */ = {
			isa = PBXGroup;
			children = (
				308F41ED2FC98D4F00CBC499 /* Core */,
				308F420F2FC98D4F00CBC499 /* Features */,
				308F42112FC98D4F00CBC499 /* Resources */,
				308F421E2FC98D4F00CBC499 /* Shared */,
				308F421F2FC98D4F00CBC499 /* 191Mireviax.entitlements */,
				308F42202FC98D4F00CBC499 /* AppDelegate.swift */,
				308F42212FC98D4F00CBC499 /* Assets.xcassets */,
				308F42222FC98D4F00CBC499 /* ContentView.swift */,
				308F42232FC98D4F00CBC499 /* Info.plist */,
				308F42252FC98D4F00CBC499 /* LaunchScreen.storyboard */,
				308F42272FC98D4F00CBC499 /* Main.storyboard */,
				308F42282FC98D4F00CBC499 /* SceneDelegate.swift */,
				308F42292FC98D4F00CBC499 /* ViewController.swift */,
				301FCEB12FD4946C0019443E /* Loading */,
				301FCEC62FD496130019443E /* GoogleService-Info.plist */,
			);
			path = 191Mireviax;
			sourceTree = "<group>";
		};
		B8F0C5ECAEEB8333CC307357 /* Pods */ = {
			isa = PBXGroup;
			children = (
				71E9EEAA68AE45342D41BCA8 /* Pods-191Mireviax.debug.xcconfig */,
				16A02F2DBBA4177FB34C2FFA /* Pods-191Mireviax.release.xcconfig */,
			);
			path = Pods;
			sourceTree = "<group>";
		};
/* End PBXGroup section */

/* Begin PBXNativeTarget section */
		301FCE902FD493550019443E /* NotificationServiceExtension */ = {
			isa = PBXNativeTarget;
			buildConfigurationList = 301FCE9A2FD493550019443E /* Build configuration list for PBXNativeTarget "NotificationServiceExtension" */;
			buildPhases = (
				301FCE8D2FD493550019443E /* Sources */,
				301FCE8E2FD493550019443E /* Frameworks */,
				301FCE8F2FD493550019443E /* Resources */,
			);
			buildRules = (
			);
			dependencies = (
			);
			name = NotificationServiceExtension;
			packageProductDependencies = (
				301FCEBF2FD4950E0019443E /* FirebaseMessaging */,
			);
			productName = NotificationServiceExtension;
			productReference = 301FCE912FD493550019443E /* NotificationServiceExtension.appex */;
			productType = "com.apple.product-type.app-extension";
		};
		308F39DA2FC9625600CBC499 /* 191Mireviax */ = {
			isa = PBXNativeTarget;
			buildConfigurationList = 308F39EE2FC9625800CBC499 /* Build configuration list for PBXNativeTarget "191Mireviax" */;
			buildPhases = (
				4A90C1B9CEB1447789C6D871 /* [CP] Check Pods Manifest.lock */,
				308F39D72FC9625600CBC499 /* Sources */,
				308F39D82FC9625600CBC499 /* Frameworks */,
				308F39D92FC9625600CBC499 /* Resources */,
				301FCE9D2FD493550019443E /* Embed Foundation Extensions */,
			);
			buildRules = (
			);
			dependencies = (
				301FCE972FD493550019443E /* PBXTargetDependency */,
			);
			name = 191Mireviax;
			productName = 191Mireviax;
			productReference = 308F39DB2FC9625600CBC499 /* 191Mireviax.app */;
			productType = "com.apple.product-type.application";
		};
/* End PBXNativeTarget section */

/* Begin PBXProject section */
		308F39D32FC9625600CBC499 /* Project object */ = {
			isa = PBXProject;
			attributes = {
				BuildIndependentTargetsInParallel = 1;
				LastSwiftUpdateCheck = 2650;
				LastUpgradeCheck = 2640;
				TargetAttributes = {
					301FCE902FD493550019443E = {
						CreatedOnToolsVersion = 26.5;
					};
					308F39DA2FC9625600CBC499 = {
						CreatedOnToolsVersion = 26.4.1;
					};
				};
			};
			buildConfigurationList = 308F39D62FC9625600CBC499 /* Build configuration list for PBXProject "191Mireviax" */;
			compatibilityVersion = "Xcode 15.0";
			developmentRegion = en;
			hasScannedForEncodings = 0;
			knownRegions = (
				en,
				Base,
			);
			mainGroup = 308F39D22FC9625600CBC499;
			packageReferences = (
				301FCE9E2FD493D20019443E /* XCRemoteSwiftPackageReference "firebase-ios-sdk" */,
				301FCEA12FD4942B0019443E /* XCRemoteSwiftPackageReference "AppsFlyerFramework-Static" */,
			);
			productRefGroup = 308F39DC2FC9625600CBC499 /* Products */;
			projectDirPath = "";
			projectRoot = "";
			targets = (
				308F39DA2FC9625600CBC499 /* 191Mireviax */,
				301FCE902FD493550019443E /* NotificationServiceExtension */,
			);
		};
/* End PBXProject section */

/* Begin PBXResourcesBuildPhase section */
		301FCE8F2FD493550019443E /* Resources */ = {
			isa = PBXResourcesBuildPhase;
			buildActionMask = 2147483647;
			files = (
			);
			runOnlyForDeploymentPostprocessing = 0;
		};
		308F39D92FC9625600CBC499 /* Resources */ = {
			isa = PBXResourcesBuildPhase;
			buildActionMask = 2147483647;
			files = (
				308F422B2FC98D4F00CBC499 /* privacy_policy.md in Resources */,
				308F422C2FC98D4F00CBC499 /* Assets.xcassets in Resources */,
				301FCEC72FD496130019443E /* GoogleService-Info.plist in Resources */,
				308F422E2FC98D4F00CBC499 /* LaunchScreen.storyboard in Resources */,
				308F422F2FC98D4F00CBC499 /* Main.storyboard in Resources */,
			);
			runOnlyForDeploymentPostprocessing = 0;
		};
/* End PBXResourcesBuildPhase section */

/* Begin PBXShellScriptBuildPhase section */
		4A90C1B9CEB1447789C6D871 /* [CP] Check Pods Manifest.lock */ = {
			isa = PBXShellScriptBuildPhase;
			buildActionMask = 2147483647;
			files = (
			);
			inputFileListPaths = (
			);
			inputPaths = (
				"${PODS_PODFILE_DIR_PATH}/Podfile.lock",
				"${PODS_ROOT}/Manifest.lock",
			);
			name = "[CP] Check Pods Manifest.lock";
			outputFileListPaths = (
			);
			outputPaths = (
				"$(DERIVED_FILE_DIR)/Pods-191Mireviax-checkManifestLockResult.txt",
			);
			runOnlyForDeploymentPostprocessing = 0;
			shellPath = /bin/sh;
			shellScript = "diff \"${PODS_PODFILE_DIR_PATH}/Podfile.lock\" \"${PODS_ROOT}/Manifest.lock\" > /dev/null\nif [ $? != 0 ] ; then\n    # print error to STDERR\n    echo \"error: The sandbox is not in sync with the Podfile.lock. Run 'pod install' or update your CocoaPods installation.\" >&2\n    exit 1\nfi\n# This output is used by Xcode 'outputs' to avoid re-running this script phase.\necho \"SUCCESS\" > \"${SCRIPT_OUTPUT_FILE_0}\"\n";
			showEnvVarsInLog = 0;
		};
/* End PBXShellScriptBuildPhase section */

/* Begin PBXSourcesBuildPhase section */
		301FCE8D2FD493550019443E /* Sources */ = {
			isa = PBXSourcesBuildPhase;
			buildActionMask = 2147483647;
			files = (
				301FCEC42FD495340019443E /* NotificationService.swift in Sources */,
			);
			runOnlyForDeploymentPostprocessing = 0;
		};
		308F39D72FC9625600CBC499 /* Sources */ = {
			isa = PBXSourcesBuildPhase;
			buildActionMask = 2147483647;
			files = (
				308F42302FC98D4F00CBC499 /* Notification+Extensions.swift in Sources */,
				308F42312FC98D4F00CBC499 /* Models.swift in Sources */,
				308F42322FC98D4F00CBC499 /* AchievementBannerManager.swift in Sources */,
				308F42332FC98D4F00CBC499 /* FeedbackService.swift in Sources */,
				308F42342FC98D4F00CBC499 /* IngredientScaler.swift in Sources */,
				308F42352FC98D4F00CBC499 /* StepDurationParser.swift in Sources */,
				308F42362FC98D4F00CBC499 /* UnitConverter.swift in Sources */,
				308F42372FC98D4F00CBC499 /* AppStorage.swift in Sources */,
				308F42382FC98D4F00CBC499 /* AppLinks.swift in Sources */,
				308F42392FC98D4F00CBC499 /* AchievementsView.swift in Sources */,
				308F423A2FC98D4F00CBC499 /* HomeView.swift in Sources */,
				308F423B2FC98D4F00CBC499 /* KitchenHubView.swift in Sources */,
				308F423C2FC98D4F00CBC499 /* MainTabView.swift in Sources */,
				308F423D2FC98D4F00CBC499 /* OnboardingView.swift in Sources */,
				308F423E2FC98D4F00CBC499 /* ActivityCalendarView.swift in Sources */,
				308F423F2FC98D4F00CBC499 /* AddEditRecipeView.swift in Sources */,
				301FCEB22FD4946C0019443E /* WebviewVC.swift in Sources */,
				301FCEB32FD4946C0019443E /* NotificationPermissionViewController.swift in Sources */,
				301FCEB42FD4946C0019443E /* LoadingViewController.swift in Sources */,
				301FCEB52FD4946C0019443E /* AppsFlyerManager.swift in Sources */,
				301FCEB62FD4946C0019443E /* PushNotificationURLRouter.swift in Sources */,
				301FCEB72FD4946C0019443E /* LoadingManager.swift in Sources */,
				301FCEB82FD4946C0019443E /* LoadingView.swift in Sources */,
				301FCEB92FD4946C0019443E /* NetworkAvailability.swift in Sources */,
				301FCEBA2FD4946C0019443E /* NotificationPermissionManager.swift in Sources */,
				301FCEBB2FD4946C0019443E /* NotificationPermissionView.swift in Sources */,
				301FCEBC2FD4946C0019443E /* NoInternetView.swift in Sources */,
				301FCEBD2FD4946C0019443E /* UserAgentBuilder.swift in Sources */,
				301FCEBE2FD4946C0019443E /* ConfigManager.swift in Sources */,
				308F42402FC98D4F00CBC499 /* RecipeCuratorView.swift in Sources */,
				308F42412FC98D4F00CBC499 /* RecipeCuratorViewModel.swift in Sources */,
				308F42422FC98D4F00CBC499 /* RecipeDetailView.swift in Sources */,
				308F42432FC98D4F00CBC499 /* RecipeFilterSheet.swift in Sources */,
				308F42442FC98D4F00CBC499 /* WeekPlanView.swift in Sources */,
				308F42452FC98D4F00CBC499 /* DataExportImportView.swift in Sources */,
				308F42462FC98D4F00CBC499 /* PrivacyPolicyView.swift in Sources */,
				308F42472FC98D4F00CBC499 /* SettingsView.swift in Sources */,
				308F42482FC98D4F00CBC499 /* AddGroceryItemView.swift in Sources */,
				308F42492FC98D4F00CBC499 /* ListTemplatesSheet.swift in Sources */,
				308F424A2FC98D4F00CBC499 /* ShoppingListView.swift in Sources */,
				308F424B2FC98D4F00CBC499 /* ShoppingListViewModel.swift in Sources */,
				308F424C2FC98D4F00CBC499 /* AddTimerChainView.swift in Sources */,
				308F424D2FC98D4F00CBC499 /* AddTimerView.swift in Sources */,
				308F424E2FC98D4F00CBC499 /* CookingTimerView.swift in Sources */,
				308F424F2FC98D4F00CBC499 /* CookingTimerViewModel.swift in Sources */,
				308F42502FC98D4F00CBC499 /* AchievementBannerView.swift in Sources */,
				308F42512FC98D4F00CBC499 /* AppBackgroundView.swift in Sources */,
				308F42522FC98D4F00CBC499 /* AppScreenStyle.swift in Sources */,
				308F42532FC98D4F00CBC499 /* AppVisualStyle.swift in Sources */,
				308F42542FC98D4F00CBC499 /* ButtonStyles.swift in Sources */,
				308F42552FC98D4F00CBC499 /* CustomCells.swift in Sources */,
				308F42562FC98D4F00CBC499 /* DesignSystem.swift in Sources */,
				308F42572FC98D4F00CBC499 /* EmptyStateView.swift in Sources */,
				308F42582FC98D4F00CBC499 /* ShakeEffect.swift in Sources */,
				308F42592FC98D4F00CBC499 /* Illustrations.swift in Sources */,
				308F425A2FC98D4F00CBC499 /* AppDelegate.swift in Sources */,
				308F425B2FC98D4F00CBC499 /* ContentView.swift in Sources */,
				308F425C2FC98D4F00CBC499 /* SceneDelegate.swift in Sources */,
				308F425D2FC98D4F00CBC499 /* ViewController.swift in Sources */,
			);
			runOnlyForDeploymentPostprocessing = 0;
		};
/* End PBXSourcesBuildPhase section */

/* Begin PBXTargetDependency section */
		301FCE972FD493550019443E /* PBXTargetDependency */ = {
			isa = PBXTargetDependency;
			target = 301FCE902FD493550019443E /* NotificationServiceExtension */;
			targetProxy = 301FCE962FD493550019443E /* PBXContainerItemProxy */;
		};
/* End PBXTargetDependency section */

/* Begin PBXVariantGroup section */
		308F42252FC98D4F00CBC499 /* LaunchScreen.storyboard */ = {
			isa = PBXVariantGroup;
			children = (
				308F42242FC98D4F00CBC499 /* Base */,
			);
			name = LaunchScreen.storyboard;
			sourceTree = "<group>";
		};
		308F42272FC98D4F00CBC499 /* Main.storyboard */ = {
			isa = PBXVariantGroup;
			children = (
				308F42262FC98D4F00CBC499 /* Base */,
			);
			name = Main.storyboard;
			sourceTree = "<group>";
		};
/* End PBXVariantGroup section */

/* Begin XCBuildConfiguration section */
		301FCE9B2FD493550019443E /* Debug */ = {
			isa = XCBuildConfiguration;
			buildSettings = {
				CODE_SIGN_STYLE = Automatic;
				CURRENT_PROJECT_VERSION = 1;
				GENERATE_INFOPLIST_FILE = YES;
				INFOPLIST_FILE = NotificationServiceExtension/Info.plist;
				INFOPLIST_KEY_CFBundleDisplayName = NotificationServiceExtension;
				INFOPLIST_KEY_NSHumanReadableCopyright = "";
				IPHONEOS_DEPLOYMENT_TARGET = 16.6;
				LD_RUNPATH_SEARCH_PATHS = (
					"$(inherited)",
					"@executable_path/Frameworks",
					"@executable_path/../../Frameworks",
				);
				MARKETING_VERSION = 1.1;
				PRODUCT_BUNDLE_IDENTIFIER = com.emi.m1r3v185.NotificationServiceExtension;
				PRODUCT_NAME = "$(TARGET_NAME)";
				SKIP_INSTALL = YES;
				STRING_CATALOG_GENERATE_SYMBOLS = YES;
				SUPPORTED_PLATFORMS = "iphoneos iphonesimulator";
				SUPPORTS_MACCATALYST = NO;
				SUPPORTS_MAC_DESIGNED_FOR_IPHONE_IPAD = NO;
				SUPPORTS_XR_DESIGNED_FOR_IPHONE_IPAD = NO;
				SWIFT_APPROACHABLE_CONCURRENCY = YES;
				SWIFT_EMIT_LOC_STRINGS = YES;
				SWIFT_UPCOMING_FEATURE_MEMBER_IMPORT_VISIBILITY = YES;
				SWIFT_VERSION = 5.0;
				TARGETED_DEVICE_FAMILY = 1;
			};
			name = Debug;
		};
		301FCE9C2FD493550019443E /* Release */ = {
			isa = XCBuildConfiguration;
			buildSettings = {
				CODE_SIGN_STYLE = Automatic;
				CURRENT_PROJECT_VERSION = 1;
				GENERATE_INFOPLIST_FILE = YES;
				INFOPLIST_FILE = NotificationServiceExtension/Info.plist;
				INFOPLIST_KEY_CFBundleDisplayName = NotificationServiceExtension;
				INFOPLIST_KEY_NSHumanReadableCopyright = "";
				IPHONEOS_DEPLOYMENT_TARGET = 16.6;
				LD_RUNPATH_SEARCH_PATHS = (
					"$(inherited)",
					"@executable_path/Frameworks",
					"@executable_path/../../Frameworks",
				);
				MARKETING_VERSION = 1.1;
				PRODUCT_BUNDLE_IDENTIFIER = com.emi.m1r3v185.NotificationServiceExtension;
				PRODUCT_NAME = "$(TARGET_NAME)";
				SKIP_INSTALL = YES;
				STRING_CATALOG_GENERATE_SYMBOLS = YES;
				SUPPORTED_PLATFORMS = "iphoneos iphonesimulator";
				SUPPORTS_MACCATALYST = NO;
				SUPPORTS_MAC_DESIGNED_FOR_IPHONE_IPAD = NO;
				SUPPORTS_XR_DESIGNED_FOR_IPHONE_IPAD = NO;
				SWIFT_APPROACHABLE_CONCURRENCY = YES;
				SWIFT_EMIT_LOC_STRINGS = YES;
				SWIFT_UPCOMING_FEATURE_MEMBER_IMPORT_VISIBILITY = YES;
				SWIFT_VERSION = 5.0;
				TARGETED_DEVICE_FAMILY = 1;
			};
			name = Release;
		};
		308F39EF2FC9625800CBC499 /* Debug */ = {
			isa = XCBuildConfiguration;
			baseConfigurationReference = 71E9EEAA68AE45342D41BCA8 /* Pods-191Mireviax.debug.xcconfig */;
			buildSettings = {
				ASSETCATALOG_COMPILER_APPICON_NAME = AppIcon;
				ASSETCATALOG_COMPILER_GLOBAL_ACCENT_COLOR_NAME = AccentColor;
				CODE_SIGN_ENTITLEMENTS = 191Mireviax/191Mireviax.entitlements;
				CODE_SIGN_STYLE = Automatic;
				CURRENT_PROJECT_VERSION = 1;
				GENERATE_INFOPLIST_FILE = YES;
				INFOPLIST_FILE = 191Mireviax/Info.plist;
				INFOPLIST_KEY_CFBundleDisplayName = Mireviax;
				INFOPLIST_KEY_ITSAppUsesNonExemptEncryption = NO;
				INFOPLIST_KEY_LSApplicationCategoryType = "public.app-category.food-and-drink";
				INFOPLIST_KEY_UIApplicationSupportsIndirectInputEvents = YES;
				INFOPLIST_KEY_UILaunchStoryboardName = LaunchScreen;
				INFOPLIST_KEY_UIMainStoryboardFile = Main;
				INFOPLIST_KEY_UIStatusBarStyle = UIStatusBarStyleLightContent;
				INFOPLIST_KEY_UISupportedInterfaceOrientations_iPad = "UIInterfaceOrientationPortrait UIInterfaceOrientationPortraitUpsideDown UIInterfaceOrientationLandscapeLeft UIInterfaceOrientationLandscapeRight";
				INFOPLIST_KEY_UISupportedInterfaceOrientations_iPhone = "UIInterfaceOrientationPortrait UIInterfaceOrientationLandscapeLeft UIInterfaceOrientationLandscapeRight";
				IPHONEOS_DEPLOYMENT_TARGET = 16.6;
				LD_RUNPATH_SEARCH_PATHS = (
					"$(inherited)",
					"@executable_path/Frameworks",
				);
				MARKETING_VERSION = 1.1;
				PRODUCT_BUNDLE_IDENTIFIER = com.emi.m1r3v185;
				PRODUCT_NAME = "$(TARGET_NAME)";
				STRING_CATALOG_GENERATE_SYMBOLS = YES;
				SUPPORTED_PLATFORMS = "iphoneos iphonesimulator";
				SUPPORTS_MACCATALYST = NO;
				SUPPORTS_MAC_DESIGNED_FOR_IPHONE_IPAD = NO;
				SUPPORTS_XR_DESIGNED_FOR_IPHONE_IPAD = NO;
				SWIFT_APPROACHABLE_CONCURRENCY = YES;
				SWIFT_DEFAULT_ACTOR_ISOLATION = MainActor;
				SWIFT_EMIT_LOC_STRINGS = YES;
				SWIFT_UPCOMING_FEATURE_MEMBER_IMPORT_VISIBILITY = YES;
				SWIFT_VERSION = 5.0;
				TARGETED_DEVICE_FAMILY = 1;
			};
			name = Debug;
		};
		308F39F02FC9625800CBC499 /* Release */ = {
			isa = XCBuildConfiguration;
			baseConfigurationReference = 16A02F2DBBA4177FB34C2FFA /* Pods-191Mireviax.release.xcconfig */;
			buildSettings = {
				ASSETCATALOG_COMPILER_APPICON_NAME = AppIcon;
				ASSETCATALOG_COMPILER_GLOBAL_ACCENT_COLOR_NAME = AccentColor;
				CODE_SIGN_ENTITLEMENTS = 191Mireviax/191Mireviax.entitlements;
				CODE_SIGN_STYLE = Automatic;
				CURRENT_PROJECT_VERSION = 1;
				GENERATE_INFOPLIST_FILE = YES;
				INFOPLIST_FILE = 191Mireviax/Info.plist;
				INFOPLIST_KEY_CFBundleDisplayName = Mireviax;
				INFOPLIST_KEY_ITSAppUsesNonExemptEncryption = NO;
				INFOPLIST_KEY_LSApplicationCategoryType = "public.app-category.food-and-drink";
				INFOPLIST_KEY_UIApplicationSupportsIndirectInputEvents = YES;
				INFOPLIST_KEY_UILaunchStoryboardName = LaunchScreen;
				INFOPLIST_KEY_UIMainStoryboardFile = Main;
				INFOPLIST_KEY_UIStatusBarStyle = UIStatusBarStyleLightContent;
				INFOPLIST_KEY_UISupportedInterfaceOrientations_iPad = "UIInterfaceOrientationPortrait UIInterfaceOrientationPortraitUpsideDown UIInterfaceOrientationLandscapeLeft UIInterfaceOrientationLandscapeRight";
				INFOPLIST_KEY_UISupportedInterfaceOrientations_iPhone = "UIInterfaceOrientationPortrait UIInterfaceOrientationLandscapeLeft UIInterfaceOrientationLandscapeRight";
				IPHONEOS_DEPLOYMENT_TARGET = 16.6;
				LD_RUNPATH_SEARCH_PATHS = (
					"$(inherited)",
					"@executable_path/Frameworks",
				);
				MARKETING_VERSION = 1.1;
				PRODUCT_BUNDLE_IDENTIFIER = com.emi.m1r3v185;
				PRODUCT_NAME = "$(TARGET_NAME)";
				STRING_CATALOG_GENERATE_SYMBOLS = YES;
				SUPPORTED_PLATFORMS = "iphoneos iphonesimulator";
				SUPPORTS_MACCATALYST = NO;
				SUPPORTS_MAC_DESIGNED_FOR_IPHONE_IPAD = NO;
				SUPPORTS_XR_DESIGNED_FOR_IPHONE_IPAD = NO;
				SWIFT_APPROACHABLE_CONCURRENCY = YES;
				SWIFT_DEFAULT_ACTOR_ISOLATION = MainActor;
				SWIFT_EMIT_LOC_STRINGS = YES;
				SWIFT_UPCOMING_FEATURE_MEMBER_IMPORT_VISIBILITY = YES;
				SWIFT_VERSION = 5.0;
				TARGETED_DEVICE_FAMILY = 1;
			};
			name = Release;
		};
		308F39F12FC9625800CBC499 /* Debug */ = {
			isa = XCBuildConfiguration;
			buildSettings = {
				ALWAYS_SEARCH_USER_PATHS = NO;
				ASSETCATALOG_COMPILER_GENERATE_SWIFT_ASSET_SYMBOL_EXTENSIONS = YES;
				CLANG_ANALYZER_NONNULL = YES;
				CLANG_ANALYZER_NUMBER_OBJECT_CONVERSION = YES_AGGRESSIVE;
				CLANG_CXX_LANGUAGE_STANDARD = "gnu++20";
				CLANG_ENABLE_MODULES = YES;
				CLANG_ENABLE_OBJC_ARC = YES;
				CLANG_ENABLE_OBJC_WEAK = YES;
				CLANG_WARN_BLOCK_CAPTURE_AUTORELEASING = YES;
				CLANG_WARN_BOOL_CONVERSION = YES;
				CLANG_WARN_COMMA = YES;
				CLANG_WARN_CONSTANT_CONVERSION = YES;
				CLANG_WARN_DEPRECATED_OBJC_IMPLEMENTATIONS = YES;
				CLANG_WARN_DIRECT_OBJC_ISA_USAGE = YES_ERROR;
				CLANG_WARN_DOCUMENTATION_COMMENTS = YES;
				CLANG_WARN_EMPTY_BODY = YES;
				CLANG_WARN_ENUM_CONVERSION = YES;
				CLANG_WARN_INFINITE_RECURSION = YES;
				CLANG_WARN_INT_CONVERSION = YES;
				CLANG_WARN_NON_LITERAL_NULL_CONVERSION = YES;
				CLANG_WARN_OBJC_IMPLICIT_RETAIN_SELF = YES;
				CLANG_WARN_OBJC_LITERAL_CONVERSION = YES;
				CLANG_WARN_OBJC_ROOT_CLASS = YES_ERROR;
				CLANG_WARN_QUOTED_INCLUDE_IN_FRAMEWORK_HEADER = YES;
				CLANG_WARN_RANGE_LOOP_ANALYSIS = YES;
				CLANG_WARN_STRICT_PROTOTYPES = YES;
				CLANG_WARN_SUSPICIOUS_MOVE = YES;
				CLANG_WARN_UNGUARDED_AVAILABILITY = YES_AGGRESSIVE;
				CLANG_WARN_UNREACHABLE_CODE = YES;
				CLANG_WARN__DUPLICATE_METHOD_MATCH = YES;
				COPY_PHASE_STRIP = NO;
				DEBUG_INFORMATION_FORMAT = dwarf;
				ENABLE_STRICT_OBJC_MSGSEND = YES;
				ENABLE_TESTABILITY = YES;
				ENABLE_USER_SCRIPT_SANDBOXING = YES;
				GCC_C_LANGUAGE_STANDARD = gnu17;
				GCC_DYNAMIC_NO_PIC = NO;
				GCC_NO_COMMON_BLOCKS = YES;
				GCC_OPTIMIZATION_LEVEL = 0;
				GCC_PREPROCESSOR_DEFINITIONS = (
					"DEBUG=1",
					"$(inherited)",
				);
				GCC_WARN_64_TO_32_BIT_CONVERSION = YES;
				GCC_WARN_ABOUT_RETURN_TYPE = YES_ERROR;
				GCC_WARN_UNDECLARED_SELECTOR = YES;
				GCC_WARN_UNINITIALIZED_AUTOS = YES_AGGRESSIVE;
				GCC_WARN_UNUSED_FUNCTION = YES;
				GCC_WARN_UNUSED_VARIABLE = YES;
				IPHONEOS_DEPLOYMENT_TARGET = 26.4;
				LOCALIZATION_PREFERS_STRING_CATALOGS = YES;
				MTL_ENABLE_DEBUG_INFO = INCLUDE_SOURCE;
				MTL_FAST_MATH = YES;
				ONLY_ACTIVE_ARCH = YES;
				SDKROOT = iphoneos;
				SWIFT_ACTIVE_COMPILATION_CONDITIONS = "DEBUG $(inherited)";
				SWIFT_OPTIMIZATION_LEVEL = "-Onone";
			};
			name = Debug;
		};
		308F39F22FC9625800CBC499 /* Release */ = {
			isa = XCBuildConfiguration;
			buildSettings = {
				ALWAYS_SEARCH_USER_PATHS = NO;
				ASSETCATALOG_COMPILER_GENERATE_SWIFT_ASSET_SYMBOL_EXTENSIONS = YES;
				CLANG_ANALYZER_NONNULL = YES;
				CLANG_ANALYZER_NUMBER_OBJECT_CONVERSION = YES_AGGRESSIVE;
				CLANG_CXX_LANGUAGE_STANDARD = "gnu++20";
				CLANG_ENABLE_MODULES = YES;
				CLANG_ENABLE_OBJC_ARC = YES;
				CLANG_ENABLE_OBJC_WEAK = YES;
				CLANG_WARN_BLOCK_CAPTURE_AUTORELEASING = YES;
				CLANG_WARN_BOOL_CONVERSION = YES;
				CLANG_WARN_COMMA = YES;
				CLANG_WARN_CONSTANT_CONVERSION = YES;
				CLANG_WARN_DEPRECATED_OBJC_IMPLEMENTATIONS = YES;
				CLANG_WARN_DIRECT_OBJC_ISA_USAGE = YES_ERROR;
				CLANG_WARN_DOCUMENTATION_COMMENTS = YES;
				CLANG_WARN_EMPTY_BODY = YES;
				CLANG_WARN_ENUM_CONVERSION = YES;
				CLANG_WARN_INFINITE_RECURSION = YES;
				CLANG_WARN_INT_CONVERSION = YES;
				CLANG_WARN_NON_LITERAL_NULL_CONVERSION = YES;
				CLANG_WARN_OBJC_IMPLICIT_RETAIN_SELF = YES;
				CLANG_WARN_OBJC_LITERAL_CONVERSION = YES;
				CLANG_WARN_OBJC_ROOT_CLASS = YES_ERROR;
				CLANG_WARN_QUOTED_INCLUDE_IN_FRAMEWORK_HEADER = YES;
				CLANG_WARN_RANGE_LOOP_ANALYSIS = YES;
				CLANG_WARN_STRICT_PROTOTYPES = YES;
				CLANG_WARN_SUSPICIOUS_MOVE = YES;
				CLANG_WARN_UNGUARDED_AVAILABILITY = YES_AGGRESSIVE;
				CLANG_WARN_UNREACHABLE_CODE = YES;
				CLANG_WARN__DUPLICATE_METHOD_MATCH = YES;
				COPY_PHASE_STRIP = NO;
				DEBUG_INFORMATION_FORMAT = "dwarf-with-dsym";
				ENABLE_NS_ASSERTIONS = NO;
				ENABLE_STRICT_OBJC_MSGSEND = YES;
				ENABLE_USER_SCRIPT_SANDBOXING = YES;
				GCC_C_LANGUAGE_STANDARD = gnu17;
				GCC_NO_COMMON_BLOCKS = YES;
				GCC_WARN_64_TO_32_BIT_CONVERSION = YES;
				GCC_WARN_ABOUT_RETURN_TYPE = YES_ERROR;
				GCC_WARN_UNDECLARED_SELECTOR = YES;
				GCC_WARN_UNINITIALIZED_AUTOS = YES_AGGRESSIVE;
				GCC_WARN_UNUSED_FUNCTION = YES;
				GCC_WARN_UNUSED_VARIABLE = YES;
				IPHONEOS_DEPLOYMENT_TARGET = 26.4;
				LOCALIZATION_PREFERS_STRING_CATALOGS = YES;
				MTL_ENABLE_DEBUG_INFO = NO;
				MTL_FAST_MATH = YES;
				SDKROOT = iphoneos;
				SWIFT_COMPILATION_MODE = wholemodule;
				VALIDATE_PRODUCT = YES;
			};
			name = Release;
		};
/* End XCBuildConfiguration section */

/* Begin XCConfigurationList section */
		301FCE9A2FD493550019443E /* Build configuration list for PBXNativeTarget "NotificationServiceExtension" */ = {
			isa = XCConfigurationList;
			buildConfigurations = (
				301FCE9B2FD493550019443E /* Debug */,
				301FCE9C2FD493550019443E /* Release */,
			);
			defaultConfigurationIsVisible = 0;
			defaultConfigurationName = Release;
		};
		308F39D62FC9625600CBC499 /* Build configuration list for PBXProject "191Mireviax" */ = {
			isa = XCConfigurationList;
			buildConfigurations = (
				308F39F12FC9625800CBC499 /* Debug */,
				308F39F22FC9625800CBC499 /* Release */,
			);
			defaultConfigurationIsVisible = 0;
			defaultConfigurationName = Release;
		};
		308F39EE2FC9625800CBC499 /* Build configuration list for PBXNativeTarget "191Mireviax" */ = {
			isa = XCConfigurationList;
			buildConfigurations = (
				308F39EF2FC9625800CBC499 /* Debug */,
				308F39F02FC9625800CBC499 /* Release */,
			);
			defaultConfigurationIsVisible = 0;
			defaultConfigurationName = Release;
		};
/* End XCConfigurationList section */

/* Begin XCRemoteSwiftPackageReference section */
		301FCE9E2FD493D20019443E /* XCRemoteSwiftPackageReference "firebase-ios-sdk" */ = {
			isa = XCRemoteSwiftPackageReference;
			repositoryURL = "https://github.com/firebase/firebase-ios-sdk";
			requirement = {
				kind = upToNextMajorVersion;
				minimumVersion = 12.14.0;
			};
		};
		301FCEA12FD4942B0019443E /* XCRemoteSwiftPackageReference "AppsFlyerFramework-Static" */ = {
			isa = XCRemoteSwiftPackageReference;
			repositoryURL = "https://github.com/AppsFlyerSDK/AppsFlyerFramework-Static";
			requirement = {
				kind = upToNextMajorVersion;
				minimumVersion = 6.0.0;
			};
		};
/* End XCRemoteSwiftPackageReference section */

/* Begin XCSwiftPackageProductDependency section */
		301FCE9F2FD493D20019443E /* FirebaseMessaging */ = {
			isa = XCSwiftPackageProductDependency;
			package = 301FCE9E2FD493D20019443E /* XCRemoteSwiftPackageReference "firebase-ios-sdk" */;
			productName = FirebaseMessaging;
		};
		301FCEA22FD4942B0019443E /* AppsFlyerLib-Static */ = {
			isa = XCSwiftPackageProductDependency;
			package = 301FCEA12FD4942B0019443E /* XCRemoteSwiftPackageReference "AppsFlyerFramework-Static" */;
			productName = "AppsFlyerLib-Static";
		};
		301FCEBF2FD4950E0019443E /* FirebaseMessaging */ = {
			isa = XCSwiftPackageProductDependency;
			package = 301FCE9E2FD493D20019443E /* XCRemoteSwiftPackageReference "firebase-ios-sdk" */;
			productName = FirebaseMessaging;
		};
/* End XCSwiftPackageProductDependency section */
	};
	rootObject = 308F39D32FC9625600CBC499 /* Project object */;
}
